
Microsoft Visual Studio Solution File, Format Version 12.00
# Visual Studio Version 16
VisualStudioVersion = 16.0.29728.190
MinimumVisualStudioVersion = 10.0.40219.1
Project("{FAE04EC0-301F-11D3-BF4B-00C04F79EFBC}") = "PivotGridCustomization", "PivotGridCustomization\PivotGridCustomization.csproj", "{F1A98F61-AA48-4EC1-892D-23584611916A}"
EndProject
Global
	GlobalSection(SolutionConfigurationPlatforms) = preSolution
		Debug|Any CPU = Debug|Any CPU
		Release|Any CPU = Release|Any CPU
	EndGlobalSection
	GlobalSection(ProjectConfigurationPlatforms) = postSolution
		{F1A98F61-AA48-4EC1-892D-23584611916A}.Debug|Any CPU.ActiveCfg = Debug|Any CPU
		{F1A98F61-AA48-4EC1-892D-23584611916A}.Debug|Any CPU.Build.0 = Debug|Any CPU
		{F1A98F61-AA48-4EC1-892D-23584611916A}.Release|Any CPU.ActiveCfg = Release|Any CPU
		{F1A98F61-AA48-4EC1-892D-23584611916A}.Release|Any CPU.Build.0 = Release|Any CPU
	EndGlobalSection
	GlobalSection(SolutionProperties) = preSolution
		HideSolutionNode = FALSE
	EndGlobalSection
	GlobalSection(ExtensibilityGlobals) = postSolution
		SolutionGuid = {46BBDA28-EEC2-48A3-85E9-29747CE1CBC5}
	EndGlobalSection
EndGlobal
